{
  "lockfileVersion": 1,
  "configVersion": 1,
  "workspaces": {
    "": {
      "name": "kodus-graph",
      "dependencies": {
        "@ast-grep/lang-csharp": "^0.0.6",
        "@ast-grep/lang-go": "^0.0.6",
        "@ast-grep/lang-java": "^0.0.7",
        "@ast-grep/lang-php": "^0.0.7",
        "@ast-grep/lang-python": "^0.0.6",
        "@ast-grep/lang-ruby": "^0.0.7",
        "@ast-grep/lang-rust": "^0.0.7",
        "@ast-grep/napi": "^0.42.1",
        "commander": "^14.0.3",
        "zod": "^4.3.6",
      },
      "devDependencies": {
        "@biomejs/biome": "^2.4.10",
        "@types/bun": "latest",
        "typescript": "^6.0.2",
      },
    },
  },
  "packages": {
    "@ast-grep/lang-csharp": ["@ast-grep/lang-csharp@0.0.6", "", { "dependencies": { "@ast-grep/setup-lang": "0.0.6" }, "peerDependencies": { "tree-sitter-cli": "0.25.8" }, "optionalPeers": ["tree-sitter-cli"] }, "sha512-9Aq0WvJ5wRdJ+iply7H2Aq89o2BOdxFXh3H9tLvf8DryyHgWAQA/CRKUw1HjV8Q4ABUZFl1vLq9Uv3t0gQtZdQ=="],

    "@ast-grep/lang-go": ["@ast-grep/lang-go@0.0.6", "", { "dependencies": { "@ast-grep/setup-lang": "0.0.6" }, "peerDependencies": { "tree-sitter-cli": "0.25.8" }, "optionalPeers": ["tree-sitter-cli"] }, "sha512-PZap9Rp6t+YKbLjRnFRF5aGBX3/HV9s5Rp7ZPsCM+o3tlTZDo1IqDYnFu+Oeh5Razs2U8K8ccPSJ+GBxalVhWg=="],

    "@ast-grep/lang-java": ["@ast-grep/lang-java@0.0.7", "", { "dependencies": { "@ast-grep/setup-lang": "0.0.6" }, "peerDependencies": { "tree-sitter-cli": "0.25.8" }, "optionalPeers": ["tree-sitter-cli"] }, "sha512-7muXd2MqUxJ8SrLrXU+JbvU6qSASZ5BZqH/eCDkIIjXge5wMl7kIYxKEgP375W8lnTXQYjM+VgeOkYSU9EexJg=="],

    "@ast-grep/lang-php": ["@ast-grep/lang-php@0.0.7", "", { "dependencies": { "@ast-grep/setup-lang": "0.0.6" }, "peerDependencies": { "tree-sitter-cli": "0.25.8" }, "optionalPeers": ["tree-sitter-cli"] }, "sha512-cDCcgSRj4eL8QnEivUbxYVSUn4PESyLdp6RuFvYw2gMOb8qzfR1FTq503D9tZ5pqvZCALR3KrbVNzc8SHaQs7Q=="],

    "@ast-grep/lang-python": ["@ast-grep/lang-python@0.0.6", "", { "dependencies": { "@ast-grep/setup-lang": "0.0.6" }, "peerDependencies": { "tree-sitter-cli": "0.25.8" }, "optionalPeers": ["tree-sitter-cli"] }, "sha512-eF/bEBspmrxdVuPNihvZDyyJx5qtIpGEMz9l1nNQmrji7NZcUiRNC8WwzYyQCBdy1mj8HZ0Tn4I2q3gp/6Bkiw=="],

    "@ast-grep/lang-ruby": ["@ast-grep/lang-ruby@0.0.7", "", { "dependencies": { "@ast-grep/setup-lang": "0.0.6" }, "peerDependencies": { "tree-sitter-cli": "0.25.8" }, "optionalPeers": ["tree-sitter-cli"] }, "sha512-tSoj96K/saNfz2wqLZPtKPhwGsRsveydv1FIce9KbXVmxmk+9cerg+LqPS9A8CO3OMQj6LFr1J2Jyr7A/KMpZQ=="],

    "@ast-grep/lang-rust": ["@ast-grep/lang-rust@0.0.7", "", { "dependencies": { "@ast-grep/setup-lang": "0.0.6" }, "peerDependencies": { "tree-sitter-cli": "0.25.8" }, "optionalPeers": ["tree-sitter-cli"] }, "sha512-CF6jv8XmlVQgr/pFKADM87EkoGiHIrHKsG1wcX2iqgdBX5kW8wH+Zd4GP6SMme2eZogD49f19vRoRTF44iZqzg=="],

    "@ast-grep/napi": ["@ast-grep/napi@0.42.1", "", { "optionalDependencies": { "@ast-grep/napi-darwin-arm64": "0.42.1", "@ast-grep/napi-darwin-x64": "0.42.1", "@ast-grep/napi-linux-arm64-gnu": "0.42.1", "@ast-grep/napi-linux-arm64-musl": "0.42.1", "@ast-grep/napi-linux-x64-gnu": "0.42.1", "@ast-grep/napi-linux-x64-musl": "0.42.1", "@ast-grep/napi-win32-arm64-msvc": "0.42.1", "@ast-grep/napi-win32-ia32-msvc": "0.42.1", "@ast-grep/napi-win32-x64-msvc": "0.42.1" } }, "sha512-+YEv9ElJi9azr8AYII79NxYXQRJsrUy1kUqZfxZfvPM7rhs3174mzB+qEE9Pl3sVKAJS5cevyT4lgLNV0AZK6A=="],

    "@ast-grep/napi-darwin-arm64": ["@ast-grep/napi-darwin-arm64@0.42.1", "", { "os": "darwin", "cpu": "arm64" }, "sha512-VtO4DX20ODCfRBwv1I71lZx+qlrhlMbt9Rpo3LozoaUpHnLmyFMBSgpUal5KTd1SCKUK8ekJGgxpKWo27H4AVQ=="],

    "@ast-grep/napi-darwin-x64": ["@ast-grep/napi-darwin-x64@0.42.1", "", { "os": "darwin", "cpu": "x64" }, "sha512-V2uaKP6QZLb60iFHK0IiXAcwSoUliiDJ3c1zLLzHnBFyCbTKC4b3L3XtkiyKsnpET+uzY7hQLpTIAhW5aOCX4w=="],

    "@ast-grep/napi-linux-arm64-gnu": ["@ast-grep/napi-linux-arm64-gnu@0.42.1", "", { "os": "linux", "cpu": "arm64" }, "sha512-wmt59yzvcZT4Z5XpxB1B1FoFrc32l0vmy2G7yrY2lG9qP2M157mWdp1T50h2XoYrotyRhCyLDXP70SiTZHZkaQ=="],

    "@ast-grep/napi-linux-arm64-musl": ["@ast-grep/napi-linux-arm64-musl@0.42.1", "", { "os": "linux", "cpu": "arm64" }, "sha512-cnU+H0drvdkApQDJEcBsYGlPq2gk3l2Xxq0y8EmcxAXYXDNkz+Gc2vfvyM7ib2jD9Y51+cQIsb0RFzA2g9VnZQ=="],

    "@ast-grep/napi-linux-x64-gnu": ["@ast-grep/napi-linux-x64-gnu@0.42.1", "", { "os": "linux", "cpu": "x64" }, "sha512-gY+PtqbFtFlR8rCL9F6GEPuymqLhh2eG/e8Ly01Z/S5x3e357nNaF69xAvNRpYi/HnEUZ5cE1MzshDCjubqE1A=="],

    "@ast-grep/napi-linux-x64-musl": ["@ast-grep/napi-linux-x64-musl@0.42.1", "", { "os": "linux", "cpu": "x64" }, "sha512-yDTlIgFOzglpzs3Ua9w43uVeEW4csf80F5/n2FqCK5pip4Iyfu21Q+M8iC9AmTRl/OGHVI48ieuPwOD9i1i6hA=="],

    "@ast-grep/napi-win32-arm64-msvc": ["@ast-grep/napi-win32-arm64-msvc@0.42.1", "", { "os": "win32", "cpu": "arm64" }, "sha512-6WQhKEfZmtfMSIOzluMoBaQhNqfRKXzj5y2YA2U0Y3x7HxNAZBO067y8xlSMddKFN/FtCwft8GFktFxqSYWl1w=="],

    "@ast-grep/napi-win32-ia32-msvc": ["@ast-grep/napi-win32-ia32-msvc@0.42.1", "", { "os": "win32", "cpu": "ia32" }, "sha512-ET2vRrsHo0e4JJbCrejzDcDPsfTmRaYK9VIpq1MqXXAUvLoiMly+cQYZ64MWdXTlgITKMXCYxhCbFPTn/9XZaQ=="],

    "@ast-grep/napi-win32-x64-msvc": ["@ast-grep/napi-win32-x64-msvc@0.42.1", "", { "os": "win32", "cpu": "x64" }, "sha512-NAeA2Q6jp7F9uXtSuG12c1xjTzipXFCTvuAcEBnsTwBXq0kdPV6H6Y4GZJVcDhsHk3TX4sGlQGkuV/6FT2Ngig=="],

    "@ast-grep/setup-lang": ["@ast-grep/setup-lang@0.0.6", "", {}, "sha512-aSYZNF5nGQMxnwiA3Lcc8zi0AtpGlug47ADgqCgP/2n7p922FbnW7vo1rbW4kKjW72B/3mDdN7uvYidv8JnPnw=="],

    "@biomejs/biome": ["@biomejs/biome@2.4.10", "", { "optionalDependencies": { "@biomejs/cli-darwin-arm64": "2.4.10", "@biomejs/cli-darwin-x64": "2.4.10", "@biomejs/cli-linux-arm64": "2.4.10", "@biomejs/cli-linux-arm64-musl": "2.4.10", "@biomejs/cli-linux-x64": "2.4.10", "@biomejs/cli-linux-x64-musl": "2.4.10", "@biomejs/cli-win32-arm64": "2.4.10", "@biomejs/cli-win32-x64": "2.4.10" }, "bin": { "biome": "bin/biome" } }, "sha512-xxA3AphFQ1geij4JTHXv4EeSTda1IFn22ye9LdyVPoJU19fNVl0uzfEuhsfQ4Yue/0FaLs2/ccVi4UDiE7R30w=="],

    "@biomejs/cli-darwin-arm64": ["@biomejs/cli-darwin-arm64@2.4.10", "", { "os": "darwin", "cpu": "arm64" }, "sha512-vuzzI1cWqDVzOMIkYyHbKqp+AkQq4K7k+UCXWpkYcY/HDn1UxdsbsfgtVpa40shem8Kax4TLDLlx8kMAecgqiw=="],

    "@biomejs/cli-darwin-x64": ["@biomejs/cli-darwin-x64@2.4.10", "", { "os": "darwin", "cpu": "x64" }, "sha512-14fzASRo+BPotwp7nWULy2W5xeUyFnTaq1V13Etrrxkrih+ez/2QfgFm5Ehtf5vSjtgx/IJycMMpn5kPd5ZNaA=="],

    "@biomejs/cli-linux-arm64": ["@biomejs/cli-linux-arm64@2.4.10", "", { "os": "linux", "cpu": "arm64" }, "sha512-7MH1CMW5uuxQ/s7FLST63qF8B3Hgu2HRdZ7tA1X1+mk+St4JOuIrqdhIBnnyqeyWJNI+Bww7Es5QZ0wIc1Cmkw=="],

    "@biomejs/cli-linux-arm64-musl": ["@biomejs/cli-linux-arm64-musl@2.4.10", "", { "os": "linux", "cpu": "arm64" }, "sha512-WrJY6UuiSD/Dh+nwK2qOTu8kdMDlLV3dLMmychIghHPAysWFq1/DGC1pVZx8POE3ZkzKR3PUUnVrtZfMfaJjyQ=="],

    "@biomejs/cli-linux-x64": ["@biomejs/cli-linux-x64@2.4.10", "", { "os": "linux", "cpu": "x64" }, "sha512-tZLvEEi2u9Xu1zAqRjTcpIDGVtldigVvzug2fTuPG0ME/g8/mXpRPcNgLB22bGn6FvLJpHHnqLnwliOu8xjYrg=="],

    "@biomejs/cli-linux-x64-musl": ["@biomejs/cli-linux-x64-musl@2.4.10", "", { "os": "linux", "cpu": "x64" }, "sha512-kDTi3pI6PBN6CiczsWYOyP2zk0IJI08EWEQyDMQWW221rPaaEz6FvjLhnU07KMzLv8q3qSuoB93ua6inSQ55Tw=="],

    "@biomejs/cli-win32-arm64": ["@biomejs/cli-win32-arm64@2.4.10", "", { "os": "win32", "cpu": "arm64" }, "sha512-umwQU6qPzH+ISTf/eHyJ/QoQnJs3V9Vpjz2OjZXe9MVBZ7prgGafMy7yYeRGnlmDAn87AKTF3Q6weLoMGpeqdQ=="],

    "@biomejs/cli-win32-x64": ["@biomejs/cli-win32-x64@2.4.10", "", { "os": "win32", "cpu": "x64" }, "sha512-aW/JU5GuyH4uxMrNYpoC2kjaHlyJGLgIa3XkhPEZI0uKhZhJZU8BuEyJmvgzSPQNGozBwWjC972RaNdcJ9KyJg=="],

    "@types/bun": ["@types/bun@1.3.11", "", { "dependencies": { "bun-types": "1.3.11" } }, "sha512-5vPne5QvtpjGpsGYXiFyycfpDF2ECyPcTSsFBMa0fraoxiQyMJ3SmuQIGhzPg2WJuWxVBoxWJ2kClYTcw/4fAg=="],

    "@types/node": ["@types/node@25.5.2", "", { "dependencies": { "undici-types": "~7.18.0" } }, "sha512-tO4ZIRKNC+MDWV4qKVZe3Ql/woTnmHDr5JD8UI5hn2pwBrHEwOEMZK7WlNb5RKB6EoJ02gwmQS9OrjuFnZYdpg=="],

    "bun-types": ["bun-types@1.3.11", "", { "dependencies": { "@types/node": "*" } }, "sha512-1KGPpoxQWl9f6wcZh57LvrPIInQMn2TQ7jsgxqpRzg+l0QPOFvJVH7HmvHo/AiPgwXy+/Thf6Ov3EdVn1vOabg=="],

    "commander": ["commander@14.0.3", "", {}, "sha512-H+y0Jo/T1RZ9qPP4Eh1pkcQcLRglraJaSLoyOtHxu6AapkjWVCy2Sit1QQ4x3Dng8qDlSsZEet7g5Pq06MvTgw=="],

    "typescript": ["typescript@6.0.2", "", { "bin": { "tsc": "bin/tsc", "tsserver": "bin/tsserver" } }, "sha512-bGdAIrZ0wiGDo5l8c++HWtbaNCWTS4UTv7RaTH/ThVIgjkveJt83m74bBHMJkuCbslY8ixgLBVZJIOiQlQTjfQ=="],

    "undici-types": ["undici-types@7.18.2", "", {}, "sha512-AsuCzffGHJybSaRrmr5eHr81mwJU3kjw6M+uprWvCXiNeN9SOGwQ3Jn8jb8m3Z6izVgknn1R0FTCEAP2QrLY/w=="],

    "zod": ["zod@4.3.6", "", {}, "sha512-rftlrkhHZOcjDwkGlnUtZZkvaPHCsDATp4pGpuOOMDaTdDDXF91wuVDJoWoPsKX/3YPQ5fHuF3STjcYyKr+Qhg=="],
  }
}
