{
  "lockfileVersion": 1,
  "configVersion": 1,
  "workspaces": {
    "": {
      "name": "kodus-graph",
      "dependencies": {
        "@ast-grep/lang-c": "^0.0.6",
        "@ast-grep/lang-cpp": "^0.0.6",
        "@ast-grep/lang-csharp": "^0.0.6",
        "@ast-grep/lang-dart": "^0.0.7",
        "@ast-grep/lang-elixir": "^0.0.7",
        "@ast-grep/lang-go": "^0.0.6",
        "@ast-grep/lang-java": "^0.0.7",
        "@ast-grep/lang-kotlin": "^0.0.7",
        "@ast-grep/lang-php": "^0.0.7",
        "@ast-grep/lang-python": "^0.0.6",
        "@ast-grep/lang-ruby": "^0.0.7",
        "@ast-grep/lang-rust": "^0.0.7",
        "@ast-grep/lang-scala": "^0.0.7",
        "@ast-grep/lang-swift": "^0.0.8",
        "@ast-grep/napi": "^0.42.1",
        "commander": "^14.0.3",
        "zod": "^4.3.6",
      },
      "devDependencies": {
        "@biomejs/biome": "^2.4.12",
        "@types/bun": "^1.3.12",
        "typescript": "^6.0.2",
      },
    },
  },
  "packages": {
    "@ast-grep/lang-c": ["@ast-grep/lang-c@0.0.6", "", { "dependencies": { "@ast-grep/setup-lang": "0.0.6" }, "peerDependencies": { "tree-sitter-cli": "0.25.8" }, "optionalPeers": ["tree-sitter-cli"] }, "sha512-z4ldQyXENqqiNr+F3qhhtKYxgRwLGpOrpc0RIsINwbzeixyFnlNWw5MB1p5yIXN1DkHWrnz5Sd6Wl5s0Mbf6OQ=="],

    "@ast-grep/lang-cpp": ["@ast-grep/lang-cpp@0.0.6", "", { "dependencies": { "@ast-grep/setup-lang": "0.0.6" }, "peerDependencies": { "tree-sitter-cli": "0.25.8" }, "optionalPeers": ["tree-sitter-cli"] }, "sha512-VsNr3fzgV969wuWnno7Rb2LexpeO9TwVBiwnCeH9NsDD6/v7Vr529FJF07E2bAsQjB2HPdljY2/a11GbT3xG9A=="],

    "@ast-grep/lang-csharp": ["@ast-grep/lang-csharp@0.0.6", "", { "dependencies": { "@ast-grep/setup-lang": "0.0.6" }, "peerDependencies": { "tree-sitter-cli": "0.25.8" }, "optionalPeers": ["tree-sitter-cli"] }, "sha512-9Aq0WvJ5wRdJ+iply7H2Aq89o2BOdxFXh3H9tLvf8DryyHgWAQA/CRKUw1HjV8Q4ABUZFl1vLq9Uv3t0gQtZdQ=="],

    "@ast-grep/lang-dart": ["@ast-grep/lang-dart@0.0.7", "", { "dependencies": { "@ast-grep/setup-lang": "0.0.6" }, "peerDependencies": { "tree-sitter-cli": "0.25.8" }, "optionalPeers": ["tree-sitter-cli"] }, "sha512-9tTkOnw10g+/cgt8jw1XqZ0AKLDXoKYP1HoY3reZPQLhk4IWs8mNAu4Yd6E80CdQ2sJ10+L7wv1C16jTt4Yirw=="],

    "@ast-grep/lang-elixir": ["@ast-grep/lang-elixir@0.0.7", "", { "dependencies": { "@ast-grep/setup-lang": "0.0.6" }, "peerDependencies": { "tree-sitter-cli": "0.25.8" }, "optionalPeers": ["tree-sitter-cli"] }, "sha512-oKaLIX62nMb1H/utcbRe67eHooY7tobUniuUtNb8T5B/vfaFYAec2qCJbdFEh0sng69LwmOU9ojikAMRWkVFXw=="],

    "@ast-grep/lang-go": ["@ast-grep/lang-go@0.0.6", "", { "dependencies": { "@ast-grep/setup-lang": "0.0.6" }, "peerDependencies": { "tree-sitter-cli": "0.25.8" }, "optionalPeers": ["tree-sitter-cli"] }, "sha512-PZap9Rp6t+YKbLjRnFRF5aGBX3/HV9s5Rp7ZPsCM+o3tlTZDo1IqDYnFu+Oeh5Razs2U8K8ccPSJ+GBxalVhWg=="],

    "@ast-grep/lang-java": ["@ast-grep/lang-java@0.0.7", "", { "dependencies": { "@ast-grep/setup-lang": "0.0.6" }, "peerDependencies": { "tree-sitter-cli": "0.25.8" }, "optionalPeers": ["tree-sitter-cli"] }, "sha512-7muXd2MqUxJ8SrLrXU+JbvU6qSASZ5BZqH/eCDkIIjXge5wMl7kIYxKEgP375W8lnTXQYjM+VgeOkYSU9EexJg=="],

    "@ast-grep/lang-kotlin": ["@ast-grep/lang-kotlin@0.0.7", "", { "dependencies": { "@ast-grep/setup-lang": "0.0.6" }, "peerDependencies": { "tree-sitter-cli": "0.25.8" }, "optionalPeers": ["tree-sitter-cli"] }, "sha512-+rXVbmESlE5c3QQGl/si0BRj/aC/v6P8Tw//8UxojoqlfZDISG95bHeVRZxb4NuEkt0kFFRn7Lbi9DsHXn8MbA=="],

    "@ast-grep/lang-php": ["@ast-grep/lang-php@0.0.7", "", { "dependencies": { "@ast-grep/setup-lang": "0.0.6" }, "peerDependencies": { "tree-sitter-cli": "0.25.8" }, "optionalPeers": ["tree-sitter-cli"] }, "sha512-cDCcgSRj4eL8QnEivUbxYVSUn4PESyLdp6RuFvYw2gMOb8qzfR1FTq503D9tZ5pqvZCALR3KrbVNzc8SHaQs7Q=="],

    "@ast-grep/lang-python": ["@ast-grep/lang-python@0.0.6", "", { "dependencies": { "@ast-grep/setup-lang": "0.0.6" }, "peerDependencies": { "tree-sitter-cli": "0.25.8" }, "optionalPeers": ["tree-sitter-cli"] }, "sha512-eF/bEBspmrxdVuPNihvZDyyJx5qtIpGEMz9l1nNQmrji7NZcUiRNC8WwzYyQCBdy1mj8HZ0Tn4I2q3gp/6Bkiw=="],

    "@ast-grep/lang-ruby": ["@ast-grep/lang-ruby@0.0.7", "", { "dependencies": { "@ast-grep/setup-lang": "0.0.6" }, "peerDependencies": { "tree-sitter-cli": "0.25.8" }, "optionalPeers": ["tree-sitter-cli"] }, "sha512-tSoj96K/saNfz2wqLZPtKPhwGsRsveydv1FIce9KbXVmxmk+9cerg+LqPS9A8CO3OMQj6LFr1J2Jyr7A/KMpZQ=="],

    "@ast-grep/lang-rust": ["@ast-grep/lang-rust@0.0.7", "", { "dependencies": { "@ast-grep/setup-lang": "0.0.6" }, "peerDependencies": { "tree-sitter-cli": "0.25.8" }, "optionalPeers": ["tree-sitter-cli"] }, "sha512-CF6jv8XmlVQgr/pFKADM87EkoGiHIrHKsG1wcX2iqgdBX5kW8wH+Zd4GP6SMme2eZogD49f19vRoRTF44iZqzg=="],

    "@ast-grep/lang-scala": ["@ast-grep/lang-scala@0.0.7", "", { "dependencies": { "@ast-grep/setup-lang": "0.0.6" }, "peerDependencies": { "tree-sitter-cli": "0.25.8" }, "optionalPeers": ["tree-sitter-cli"] }, "sha512-ZORuIKsydtYB0oLaD73tjnZe7LECaam1JCqa4Mc/gzhhYA7AwCmqbPRj0S9PdSOP65orWDbwYu5wroBnGXxG1Q=="],

    "@ast-grep/lang-swift": ["@ast-grep/lang-swift@0.0.8", "", { "dependencies": { "@ast-grep/setup-lang": "0.0.6" }, "peerDependencies": { "tree-sitter-cli": "0.25.8" }, "optionalPeers": ["tree-sitter-cli"] }, "sha512-v+pLafFzXQJ/yTgmOclSzBDX+actORUqrAL0+fJkHlvnbYARxXXKoo4bonuWlzLjp+gOLP/Liuvhb4FlWgPFXA=="],

    "@ast-grep/napi": ["@ast-grep/napi@0.42.1", "", { "optionalDependencies": { "@ast-grep/napi-darwin-arm64": "0.42.1", "@ast-grep/napi-darwin-x64": "0.42.1", "@ast-grep/napi-linux-arm64-gnu": "0.42.1", "@ast-grep/napi-linux-arm64-musl": "0.42.1", "@ast-grep/napi-linux-x64-gnu": "0.42.1", "@ast-grep/napi-linux-x64-musl": "0.42.1", "@ast-grep/napi-win32-arm64-msvc": "0.42.1", "@ast-grep/napi-win32-ia32-msvc": "0.42.1", "@ast-grep/napi-win32-x64-msvc": "0.42.1" } }, "sha512-+YEv9ElJi9azr8AYII79NxYXQRJsrUy1kUqZfxZfvPM7rhs3174mzB+qEE9Pl3sVKAJS5cevyT4lgLNV0AZK6A=="],

    "@ast-grep/napi-darwin-arm64": ["@ast-grep/napi-darwin-arm64@0.42.1", "", { "os": "darwin", "cpu": "arm64" }, "sha512-VtO4DX20ODCfRBwv1I71lZx+qlrhlMbt9Rpo3LozoaUpHnLmyFMBSgpUal5KTd1SCKUK8ekJGgxpKWo27H4AVQ=="],

    "@ast-grep/napi-darwin-x64": ["@ast-grep/napi-darwin-x64@0.42.1", "", { "os": "darwin", "cpu": "x64" }, "sha512-V2uaKP6QZLb60iFHK0IiXAcwSoUliiDJ3c1zLLzHnBFyCbTKC4b3L3XtkiyKsnpET+uzY7hQLpTIAhW5aOCX4w=="],

    "@ast-grep/napi-linux-arm64-gnu": ["@ast-grep/napi-linux-arm64-gnu@0.42.1", "", { "os": "linux", "cpu": "arm64" }, "sha512-wmt59yzvcZT4Z5XpxB1B1FoFrc32l0vmy2G7yrY2lG9qP2M157mWdp1T50h2XoYrotyRhCyLDXP70SiTZHZkaQ=="],

    "@ast-grep/napi-linux-arm64-musl": ["@ast-grep/napi-linux-arm64-musl@0.42.1", "", { "os": "linux", "cpu": "arm64" }, "sha512-cnU+H0drvdkApQDJEcBsYGlPq2gk3l2Xxq0y8EmcxAXYXDNkz+Gc2vfvyM7ib2jD9Y51+cQIsb0RFzA2g9VnZQ=="],

    "@ast-grep/napi-linux-x64-gnu": ["@ast-grep/napi-linux-x64-gnu@0.42.1", "", { "os": "linux", "cpu": "x64" }, "sha512-gY+PtqbFtFlR8rCL9F6GEPuymqLhh2eG/e8Ly01Z/S5x3e357nNaF69xAvNRpYi/HnEUZ5cE1MzshDCjubqE1A=="],

    "@ast-grep/napi-linux-x64-musl": ["@ast-grep/napi-linux-x64-musl@0.42.1", "", { "os": "linux", "cpu": "x64" }, "sha512-yDTlIgFOzglpzs3Ua9w43uVeEW4csf80F5/n2FqCK5pip4Iyfu21Q+M8iC9AmTRl/OGHVI48ieuPwOD9i1i6hA=="],

    "@ast-grep/napi-win32-arm64-msvc": ["@ast-grep/napi-win32-arm64-msvc@0.42.1", "", { "os": "win32", "cpu": "arm64" }, "sha512-6WQhKEfZmtfMSIOzluMoBaQhNqfRKXzj5y2YA2U0Y3x7HxNAZBO067y8xlSMddKFN/FtCwft8GFktFxqSYWl1w=="],

    "@ast-grep/napi-win32-ia32-msvc": ["@ast-grep/napi-win32-ia32-msvc@0.42.1", "", { "os": "win32", "cpu": "ia32" }, "sha512-ET2vRrsHo0e4JJbCrejzDcDPsfTmRaYK9VIpq1MqXXAUvLoiMly+cQYZ64MWdXTlgITKMXCYxhCbFPTn/9XZaQ=="],

    "@ast-grep/napi-win32-x64-msvc": ["@ast-grep/napi-win32-x64-msvc@0.42.1", "", { "os": "win32", "cpu": "x64" }, "sha512-NAeA2Q6jp7F9uXtSuG12c1xjTzipXFCTvuAcEBnsTwBXq0kdPV6H6Y4GZJVcDhsHk3TX4sGlQGkuV/6FT2Ngig=="],

    "@ast-grep/setup-lang": ["@ast-grep/setup-lang@0.0.6", "", {}, "sha512-aSYZNF5nGQMxnwiA3Lcc8zi0AtpGlug47ADgqCgP/2n7p922FbnW7vo1rbW4kKjW72B/3mDdN7uvYidv8JnPnw=="],

    "@biomejs/biome": ["@biomejs/biome@2.4.12", "", { "optionalDependencies": { "@biomejs/cli-darwin-arm64": "2.4.12", "@biomejs/cli-darwin-x64": "2.4.12", "@biomejs/cli-linux-arm64": "2.4.12", "@biomejs/cli-linux-arm64-musl": "2.4.12", "@biomejs/cli-linux-x64": "2.4.12", "@biomejs/cli-linux-x64-musl": "2.4.12", "@biomejs/cli-win32-arm64": "2.4.12", "@biomejs/cli-win32-x64": "2.4.12" }, "bin": { "biome": "bin/biome" } }, "sha512-Rro7adQl3NLq/zJCIL98eElXKI8eEiBtoeu5TbXF/U3qbjuSc7Jb5rjUbeHHcquDWeSf3HnGP7XI5qGrlRk/pA=="],

    "@biomejs/cli-darwin-arm64": ["@biomejs/cli-darwin-arm64@2.4.12", "", { "os": "darwin", "cpu": "arm64" }, "sha512-BnMU4Pc3ciEVteVpZ0BK33MLr7X57F5w1dwDLDn+/iy/yTrA4Q/N2yftidFtsA4vrDh0FMXDpacNV/Tl3fbmng=="],

    "@biomejs/cli-darwin-x64": ["@biomejs/cli-darwin-x64@2.4.12", "", { "os": "darwin", "cpu": "x64" }, "sha512-x9uJ0bI1rJsWICp3VH8w/5PnAVD3A7SqzDpbrfoUQX1QyWrK5jSU4fRLo/wSgGeplCivbxBRKmt5Xq4/nWvq8A=="],

    "@biomejs/cli-linux-arm64": ["@biomejs/cli-linux-arm64@2.4.12", "", { "os": "linux", "cpu": "arm64" }, "sha512-tOwuCuZZtKi1jVzbk/5nXmIsziOB6yqN8c9r9QM0EJYPU6DpQWf11uBOSCfFKKM4H3d9ZoarvlgMfbcuD051Pw=="],

    "@biomejs/cli-linux-arm64-musl": ["@biomejs/cli-linux-arm64-musl@2.4.12", "", { "os": "linux", "cpu": "arm64" }, "sha512-FhfpkAAlKL6kwvcVap0Hgp4AhZmtd3YImg0kK1jd7C/aSoh4SfsB2f++yG1rU0lr8Y5MCFJrcSkmssiL9Xnnig=="],

    "@biomejs/cli-linux-x64": ["@biomejs/cli-linux-x64@2.4.12", "", { "os": "linux", "cpu": "x64" }, "sha512-8pFeAnLU9QdW9jCIslB/v82bI0lhBmz2ZAKc8pVMFPO0t0wAHsoEkrUQUbMkIorTRIjbqyNZHA3lEXavsPWYSw=="],

    "@biomejs/cli-linux-x64-musl": ["@biomejs/cli-linux-x64-musl@2.4.12", "", { "os": "linux", "cpu": "x64" }, "sha512-dwTIgZrGutzhkQCuvHynCkyW6hJxUuyZqKKO0YNfaS2GUoRO+tOvxXZqZB6SkWAOdfZTzwaw8IEdUnIkHKHoew=="],

    "@biomejs/cli-win32-arm64": ["@biomejs/cli-win32-arm64@2.4.12", "", { "os": "win32", "cpu": "arm64" }, "sha512-B0DLnx0vA9ya/3v7XyCaP+/lCpnbWbMOfUFFve+xb5OxyYvdHaS55YsSddr228Y+JAFk58agCuZTsqNiw2a6ig=="],

    "@biomejs/cli-win32-x64": ["@biomejs/cli-win32-x64@2.4.12", "", { "os": "win32", "cpu": "x64" }, "sha512-yMckRzTyZ83hkk8iDFWswqSdU8tvZxspJKnYNh7JZr/zhZNOlzH13k4ecboU6MurKExCe2HUkH75pGI/O2JwGA=="],

    "@types/bun": ["@types/bun@1.3.12", "", { "dependencies": { "bun-types": "1.3.12" } }, "sha512-DBv81elK+/VSwXHDlnH3Qduw+KxkTIWi7TXkAeh24zpi5l0B2kUg9Ga3tb4nJaPcOFswflgi/yAvMVBPrxMB+A=="],

    "@types/node": ["@types/node@25.5.2", "", { "dependencies": { "undici-types": "~7.18.0" } }, "sha512-tO4ZIRKNC+MDWV4qKVZe3Ql/woTnmHDr5JD8UI5hn2pwBrHEwOEMZK7WlNb5RKB6EoJ02gwmQS9OrjuFnZYdpg=="],

    "bun-types": ["bun-types@1.3.12", "", { "dependencies": { "@types/node": "*" } }, "sha512-HqOLj5PoFajAQciOMRiIZGNoKxDJSr6qigAttOX40vJuSp6DN/CxWp9s3C1Xwm4oH7ybueITwiaOcWXoYVoRkA=="],

    "commander": ["commander@14.0.3", "", {}, "sha512-H+y0Jo/T1RZ9qPP4Eh1pkcQcLRglraJaSLoyOtHxu6AapkjWVCy2Sit1QQ4x3Dng8qDlSsZEet7g5Pq06MvTgw=="],

    "typescript": ["typescript@6.0.2", "", { "bin": { "tsc": "bin/tsc", "tsserver": "bin/tsserver" } }, "sha512-bGdAIrZ0wiGDo5l8c++HWtbaNCWTS4UTv7RaTH/ThVIgjkveJt83m74bBHMJkuCbslY8ixgLBVZJIOiQlQTjfQ=="],

    "undici-types": ["undici-types@7.18.2", "", {}, "sha512-AsuCzffGHJybSaRrmr5eHr81mwJU3kjw6M+uprWvCXiNeN9SOGwQ3Jn8jb8m3Z6izVgknn1R0FTCEAP2QrLY/w=="],

    "zod": ["zod@4.3.6", "", {}, "sha512-rftlrkhHZOcjDwkGlnUtZZkvaPHCsDATp4pGpuOOMDaTdDDXF91wuVDJoWoPsKX/3YPQ5fHuF3STjcYyKr+Qhg=="],
  }
}
