# THIS IS AN AUTOGENERATED FILE. DO NOT EDIT THIS FILE DIRECTLY.
# yarn lockfile v1


"@ast-grep/lang-c@^0.0.6":
  version "0.0.6"
  resolved "https://registry.npmjs.org/@ast-grep/lang-c/-/lang-c-0.0.6.tgz#54b23d12ba3f3b788b1b49ea4f6641f2d29169bc"
  integrity sha512-z4ldQyXENqqiNr+F3qhhtKYxgRwLGpOrpc0RIsINwbzeixyFnlNWw5MB1p5yIXN1DkHWrnz5Sd6Wl5s0Mbf6OQ==
  dependencies:
    "@ast-grep/setup-lang" "0.0.6"

"@ast-grep/lang-cpp@^0.0.6":
  version "0.0.6"
  resolved "https://registry.npmjs.org/@ast-grep/lang-cpp/-/lang-cpp-0.0.6.tgz#d1512909063d76b9d258b01ec102bfabac5315e3"
  integrity sha512-VsNr3fzgV969wuWnno7Rb2LexpeO9TwVBiwnCeH9NsDD6/v7Vr529FJF07E2bAsQjB2HPdljY2/a11GbT3xG9A==
  dependencies:
    "@ast-grep/setup-lang" "0.0.6"

"@ast-grep/lang-csharp@^0.0.6":
  version "0.0.6"
  resolved "https://registry.npmjs.org/@ast-grep/lang-csharp/-/lang-csharp-0.0.6.tgz#042c23747ff8cb0f290450d8b0eae19e82b6bc7d"
  integrity sha512-9Aq0WvJ5wRdJ+iply7H2Aq89o2BOdxFXh3H9tLvf8DryyHgWAQA/CRKUw1HjV8Q4ABUZFl1vLq9Uv3t0gQtZdQ==
  dependencies:
    "@ast-grep/setup-lang" "0.0.6"

"@ast-grep/lang-dart@^0.0.7":
  version "0.0.7"
  resolved "https://registry.npmjs.org/@ast-grep/lang-dart/-/lang-dart-0.0.7.tgz#b36d467254929279629a16b80e9900fa1a2bc711"
  integrity sha512-9tTkOnw10g+/cgt8jw1XqZ0AKLDXoKYP1HoY3reZPQLhk4IWs8mNAu4Yd6E80CdQ2sJ10+L7wv1C16jTt4Yirw==
  dependencies:
    "@ast-grep/setup-lang" "0.0.6"

"@ast-grep/lang-elixir@^0.0.7":
  version "0.0.7"
  resolved "https://registry.npmjs.org/@ast-grep/lang-elixir/-/lang-elixir-0.0.7.tgz#3629f6df687fe505e4ec5d21b01c9e535cce9948"
  integrity sha512-oKaLIX62nMb1H/utcbRe67eHooY7tobUniuUtNb8T5B/vfaFYAec2qCJbdFEh0sng69LwmOU9ojikAMRWkVFXw==
  dependencies:
    "@ast-grep/setup-lang" "0.0.6"

"@ast-grep/lang-go@^0.0.6":
  version "0.0.6"
  resolved "https://registry.npmjs.org/@ast-grep/lang-go/-/lang-go-0.0.6.tgz#0a6e4ccf419f62f3ed95f62fdeea78d65ccbebe8"
  integrity sha512-PZap9Rp6t+YKbLjRnFRF5aGBX3/HV9s5Rp7ZPsCM+o3tlTZDo1IqDYnFu+Oeh5Razs2U8K8ccPSJ+GBxalVhWg==
  dependencies:
    "@ast-grep/setup-lang" "0.0.6"

"@ast-grep/lang-java@^0.0.7":
  version "0.0.7"
  resolved "https://registry.npmjs.org/@ast-grep/lang-java/-/lang-java-0.0.7.tgz#1b130e8064d226342103aeaad396bb1d5aceb112"
  integrity sha512-7muXd2MqUxJ8SrLrXU+JbvU6qSASZ5BZqH/eCDkIIjXge5wMl7kIYxKEgP375W8lnTXQYjM+VgeOkYSU9EexJg==
  dependencies:
    "@ast-grep/setup-lang" "0.0.6"

"@ast-grep/lang-kotlin@^0.0.7":
  version "0.0.7"
  resolved "https://registry.npmjs.org/@ast-grep/lang-kotlin/-/lang-kotlin-0.0.7.tgz#aa32c8f7c7b79d9255f007334066b2f5d03b3c3b"
  integrity sha512-+rXVbmESlE5c3QQGl/si0BRj/aC/v6P8Tw//8UxojoqlfZDISG95bHeVRZxb4NuEkt0kFFRn7Lbi9DsHXn8MbA==
  dependencies:
    "@ast-grep/setup-lang" "0.0.6"

"@ast-grep/lang-php@^0.0.7":
  version "0.0.7"
  resolved "https://registry.npmjs.org/@ast-grep/lang-php/-/lang-php-0.0.7.tgz#855afadb13a6cb09e6089e9280aa364f842f2c12"
  integrity sha512-cDCcgSRj4eL8QnEivUbxYVSUn4PESyLdp6RuFvYw2gMOb8qzfR1FTq503D9tZ5pqvZCALR3KrbVNzc8SHaQs7Q==
  dependencies:
    "@ast-grep/setup-lang" "0.0.6"

"@ast-grep/lang-python@^0.0.6":
  version "0.0.6"
  resolved "https://registry.npmjs.org/@ast-grep/lang-python/-/lang-python-0.0.6.tgz#32a855afe220485cd5cdcd6caa52655de652d80f"
  integrity sha512-eF/bEBspmrxdVuPNihvZDyyJx5qtIpGEMz9l1nNQmrji7NZcUiRNC8WwzYyQCBdy1mj8HZ0Tn4I2q3gp/6Bkiw==
  dependencies:
    "@ast-grep/setup-lang" "0.0.6"

"@ast-grep/lang-ruby@^0.0.7":
  version "0.0.7"
  resolved "https://registry.npmjs.org/@ast-grep/lang-ruby/-/lang-ruby-0.0.7.tgz#02c3585f3cd9d0ff5bb11f45b01f4007a064f178"
  integrity sha512-tSoj96K/saNfz2wqLZPtKPhwGsRsveydv1FIce9KbXVmxmk+9cerg+LqPS9A8CO3OMQj6LFr1J2Jyr7A/KMpZQ==
  dependencies:
    "@ast-grep/setup-lang" "0.0.6"

"@ast-grep/lang-rust@^0.0.7":
  version "0.0.7"
  resolved "https://registry.npmjs.org/@ast-grep/lang-rust/-/lang-rust-0.0.7.tgz#a7056372911760b51ce734250910b6efe38987ee"
  integrity sha512-CF6jv8XmlVQgr/pFKADM87EkoGiHIrHKsG1wcX2iqgdBX5kW8wH+Zd4GP6SMme2eZogD49f19vRoRTF44iZqzg==
  dependencies:
    "@ast-grep/setup-lang" "0.0.6"

"@ast-grep/lang-scala@^0.0.7":
  version "0.0.7"
  resolved "https://registry.npmjs.org/@ast-grep/lang-scala/-/lang-scala-0.0.7.tgz#8e5c25815fdf9c3b66f9c181b8bc46dc58491f2f"
  integrity sha512-ZORuIKsydtYB0oLaD73tjnZe7LECaam1JCqa4Mc/gzhhYA7AwCmqbPRj0S9PdSOP65orWDbwYu5wroBnGXxG1Q==
  dependencies:
    "@ast-grep/setup-lang" "0.0.6"

"@ast-grep/lang-swift@^0.0.8":
  version "0.0.8"
  resolved "https://registry.npmjs.org/@ast-grep/lang-swift/-/lang-swift-0.0.8.tgz#05511ed2aae15cbd366c975d941d18cbc6c9cf00"
  integrity sha512-v+pLafFzXQJ/yTgmOclSzBDX+actORUqrAL0+fJkHlvnbYARxXXKoo4bonuWlzLjp+gOLP/Liuvhb4FlWgPFXA==
  dependencies:
    "@ast-grep/setup-lang" "0.0.6"

"@ast-grep/napi-darwin-arm64@0.42.3":
  version "0.42.3"
  resolved "https://registry.npmjs.org/@ast-grep/napi-darwin-arm64/-/napi-darwin-arm64-0.42.3.tgz#72c059589a6958faf0d9dc826b510585813acb5a"
  integrity sha512-pcTBI8UiNQ9xVOYfu3Ww5KXcrrHV/jJqECQ6efpJpzTGwW+mOpzgihfrq5GKjbMONhr0OaRARCMwEsvKgBXCpA==

"@ast-grep/napi-darwin-x64@0.42.3":
  version "0.42.3"
  resolved "https://registry.npmjs.org/@ast-grep/napi-darwin-x64/-/napi-darwin-x64-0.42.3.tgz#7203c53190c437447f8f1ef03dd66341c95e29c8"
  integrity sha512-mQeDYeMWUruf0oiYJejzRzG9BEXjopbhPML8rJombviX6ePmulNjh6SDX/Mxe+vqNGt0JHXgdYtsAtDu9d0LQg==

"@ast-grep/napi-linux-arm64-gnu@0.42.3":
  version "0.42.3"
  resolved "https://registry.npmjs.org/@ast-grep/napi-linux-arm64-gnu/-/napi-linux-arm64-gnu-0.42.3.tgz#529ebf5446c66f1777fdde58f41071bc6672f3b0"
  integrity sha512-T2/8eEvFTKSEXd9Dql34/bsyWogFYh7IGsuOoqYNJOcYwT+TPCLTWPZdcpGqrdYdTYT92qX+4H0dUmaZ+TuOPw==

"@ast-grep/napi-linux-arm64-musl@0.42.3":
  version "0.42.3"
  resolved "https://registry.npmjs.org/@ast-grep/napi-linux-arm64-musl/-/napi-linux-arm64-musl-0.42.3.tgz#4078b9a71fde1f3ee98e9517b4bb15d0442b98bc"
  integrity sha512-O/K4p/GB5MiK2NE8s7pCBDpZ0EOUrMkMF0HbZKi/HIXH9HQdkoYYO+NqKumk92YNr3gUo8fkGkIG6v4wowANvQ==

"@ast-grep/napi-linux-x64-gnu@0.42.3":
  version "0.42.3"
  resolved "https://registry.npmjs.org/@ast-grep/napi-linux-x64-gnu/-/napi-linux-x64-gnu-0.42.3.tgz#f4a11ebb0400093713584da0f0d626283dd9b35c"
  integrity sha512-HnljxyLZmt7t7al46j/j/fLj7e9qG8Nlk6/vrj+AD6nRqoeu7pW4YHcQA9NXst79GBz2CU0nba1WEtjUfkNgGg==

"@ast-grep/napi-linux-x64-musl@0.42.3":
  version "0.42.3"
  resolved "https://registry.npmjs.org/@ast-grep/napi-linux-x64-musl/-/napi-linux-x64-musl-0.42.3.tgz#fac2b5bb99e00d3a0dffa99ed5e49803d0ecceb3"
  integrity sha512-6WLvV3ErwWXQcpMS4BEVjD7QiTGO2Hr3LuDouQoUUBSMu9gI0bBAZGQaqGfWidI+aXYZ0eL5KmCCDB4X6Oyskg==

"@ast-grep/napi-win32-arm64-msvc@0.42.3":
  version "0.42.3"
  resolved "https://registry.npmjs.org/@ast-grep/napi-win32-arm64-msvc/-/napi-win32-arm64-msvc-0.42.3.tgz#0b4bcc882c6b5c9a23ae8d4399b1594aba49bc81"
  integrity sha512-LiDOhkvBEeXi+yJomrfUYgnLvCntrWianruKXMzIK1QpxWmFSVC2uwWacMbq2v/DTk0MlQ09225yD6sAuL5pEQ==

"@ast-grep/napi-win32-ia32-msvc@0.42.3":
  version "0.42.3"
  resolved "https://registry.npmjs.org/@ast-grep/napi-win32-ia32-msvc/-/napi-win32-ia32-msvc-0.42.3.tgz#38862a592d3b4b7408f0b9852edd3e1883fd2aa3"
  integrity sha512-DOAzKQPWQF42a9jgvCz4ajitARcMm9j2xKzcSNwkgZjrconAsRphqCTG3qkfEXX2x7KaVHAqoUp4XgPZXZ5vlA==

"@ast-grep/napi-win32-x64-msvc@0.42.3":
  version "0.42.3"
  resolved "https://registry.npmjs.org/@ast-grep/napi-win32-x64-msvc/-/napi-win32-x64-msvc-0.42.3.tgz#566642e6c15aadf63b06259a11718feb890e9f1c"
  integrity sha512-1bl5eAbRGI5VRlKzXVPiq+sFJezh60O3ur6G+w8elA20uEZ7ik+WLQZu9T5tScFxOfCQQcjV9v4fQiaGNgHJsA==

"@ast-grep/napi@^0.42.3":
  version "0.42.3"
  resolved "https://registry.npmjs.org/@ast-grep/napi/-/napi-0.42.3.tgz#fe5e5efc83e5ed651913de4a0332a092422ed60d"
  integrity sha512-iWuH84nptrXpfrpYAsc93CD6JRnyRLYWFRzP9j1KRMK2hspVMBCbmfRyEoMd2B572dd2sSF3eXIQvY/CqIxYmQ==
  optionalDependencies:
    "@ast-grep/napi-darwin-arm64" "0.42.3"
    "@ast-grep/napi-darwin-x64" "0.42.3"
    "@ast-grep/napi-linux-arm64-gnu" "0.42.3"
    "@ast-grep/napi-linux-arm64-musl" "0.42.3"
    "@ast-grep/napi-linux-x64-gnu" "0.42.3"
    "@ast-grep/napi-linux-x64-musl" "0.42.3"
    "@ast-grep/napi-win32-arm64-msvc" "0.42.3"
    "@ast-grep/napi-win32-ia32-msvc" "0.42.3"
    "@ast-grep/napi-win32-x64-msvc" "0.42.3"

"@ast-grep/setup-lang@0.0.6":
  version "0.0.6"
  resolved "https://registry.npmjs.org/@ast-grep/setup-lang/-/setup-lang-0.0.6.tgz#9f6f80592367c0d0a2cc7441af9a9d003472df10"
  integrity sha512-aSYZNF5nGQMxnwiA3Lcc8zi0AtpGlug47ADgqCgP/2n7p922FbnW7vo1rbW4kKjW72B/3mDdN7uvYidv8JnPnw==

"@biomejs/biome@^2.4.15":
  version "2.4.15"
  resolved "https://registry.npmjs.org/@biomejs/biome/-/biome-2.4.15.tgz#cb84ad6eb4235e7230b3c105a825e9bc03399944"
  integrity sha512-j5VH3a/h/HXTKBM50MDMxRCzkeLv9S2XJcW2WgnZT1+xyisi+0bISrXR82gCX+8S9lvK0skEvHJRN+3Ktr2hlw==
  optionalDependencies:
    "@biomejs/cli-darwin-arm64" "2.4.15"
    "@biomejs/cli-darwin-x64" "2.4.15"
    "@biomejs/cli-linux-arm64" "2.4.15"
    "@biomejs/cli-linux-arm64-musl" "2.4.15"
    "@biomejs/cli-linux-x64" "2.4.15"
    "@biomejs/cli-linux-x64-musl" "2.4.15"
    "@biomejs/cli-win32-arm64" "2.4.15"
    "@biomejs/cli-win32-x64" "2.4.15"

"@biomejs/cli-darwin-arm64@2.4.15":
  version "2.4.15"
  resolved "https://registry.npmjs.org/@biomejs/cli-darwin-arm64/-/cli-darwin-arm64-2.4.15.tgz#3469daa56ac3ff4f16588a120df706381a96f65c"
  integrity sha512-rF3PPqLq1yoST79zaQbDjVJwsuIeci/O+9bgNmC5QpgOqz6aqYuzA4abyAGx+mgyiDXn4A049xAN8gijbuR1Qg==

"@biomejs/cli-darwin-x64@2.4.15":
  version "2.4.15"
  resolved "https://registry.npmjs.org/@biomejs/cli-darwin-x64/-/cli-darwin-x64-2.4.15.tgz#0697b81089409635da16682ac1e539165c262006"
  integrity sha512-/5KHXYMfSJs1fNXiX30xFtI8JcCFV6zaVVLxOa0M2sfqBKHkpQhRTv94yxQWxeTY2lzo2OuTlNvPC+hDQt2wcQ==

"@biomejs/cli-linux-arm64-musl@2.4.15":
  version "2.4.15"
  resolved "https://registry.npmjs.org/@biomejs/cli-linux-arm64-musl/-/cli-linux-arm64-musl-2.4.15.tgz#c6af054e3732c361e9ad8c44070f909666b5616f"
  integrity sha512-ZPcxznxm0pogHBLZhYntyR3sR+MrZjqJIKEr7ZqVen0Rl+P/4upVmfYXjftizi9RoqZntg33fv/1fbdhbYXpEQ==

"@biomejs/cli-linux-arm64@2.4.15":
  version "2.4.15"
  resolved "https://registry.npmjs.org/@biomejs/cli-linux-arm64/-/cli-linux-arm64-2.4.15.tgz#527cef60339649a442d51a9cd129ae9dfe9da926"
  integrity sha512-owaAMZD/T4LrD0ELNCk0Km3qrRHuM0X6EAyVE1FSqGY0rbLoiDLrO4Us2tllm6cAeB2Ioa9C2C08NZPdr8+0Ug==

"@biomejs/cli-linux-x64-musl@2.4.15":
  version "2.4.15"
  resolved "https://registry.npmjs.org/@biomejs/cli-linux-x64-musl/-/cli-linux-x64-musl-2.4.15.tgz#b39292ad106c3d5a612bf3c61ba3119f66833013"
  integrity sha512-CNq/9W38SYSH023lfcQ4KKU8K0YX8T//FZUhcgtMMRABDojx5XsMV7jlweAvGSl389wJQB29Qo6Zb/a+jdvt+w==

"@biomejs/cli-linux-x64@2.4.15":
  version "2.4.15"
  resolved "https://registry.npmjs.org/@biomejs/cli-linux-x64/-/cli-linux-x64-2.4.15.tgz#7360b7f81ff03ec6d9350bedc76b89f783b0945d"
  integrity sha512-0jj7THz12GbUOLmMibktK6DZjqz2zV64KFxyBtcFTKPiiOIY0a7vns1elpO1dERvxpsZ5ik0oFfz0oGwFde1+g==

"@biomejs/cli-win32-arm64@2.4.15":
  version "2.4.15"
  resolved "https://registry.npmjs.org/@biomejs/cli-win32-arm64/-/cli-win32-arm64-2.4.15.tgz#9542aac679174892a9379267e0c0048f8eee4d9f"
  integrity sha512-ouhkYdlhp/1GghEJPdWwD/Vi3gQ1nFxuSpMolWsbq3Lsq3QUR4jl6UdhhscdCugKU5vOEuMiJhvKj66O0OCq+w==

"@biomejs/cli-win32-x64@2.4.15":
  version "2.4.15"
  resolved "https://registry.npmjs.org/@biomejs/cli-win32-x64/-/cli-win32-x64-2.4.15.tgz#80288e4eea8f916fc5c876e9a486baadb8de537d"
  integrity sha512-zBrGq5mx5wwpnow4+2BxUvleDM+GNd4sLbPaMapsSLQLD0NGRCquqPBTgN+7XkUteHvj7M+BstuI8tmnV7+HgQ==

"@types/bun@^1.3.14":
  version "1.3.14"
  resolved "https://registry.npmjs.org/@types/bun/-/bun-1.3.14.tgz#bd8b440919a2587adde311a617a9204f34b8a8c2"
  integrity sha512-h1hFqFVcvAvD9j9K7ZW7vd82aSA+rTdznZa+5bwvCwqSB1jmmfLcbIWhOLx1/+boy/xmjgCs/OMUL8hRJSmnPw==
  dependencies:
    bun-types "1.3.14"

"@types/node@*":
  version "25.5.2"
  resolved "https://registry.npmjs.org/@types/node/-/node-25.5.2.tgz#94861e32f9ffd8de10b52bbec403465c84fff762"
  integrity sha512-tO4ZIRKNC+MDWV4qKVZe3Ql/woTnmHDr5JD8UI5hn2pwBrHEwOEMZK7WlNb5RKB6EoJ02gwmQS9OrjuFnZYdpg==
  dependencies:
    undici-types "~7.18.0"

bun-types@1.3.14:
  version "1.3.14"
  resolved "https://registry.npmjs.org/bun-types/-/bun-types-1.3.14.tgz#a8fe2539fc5c59ae45f1fdc18dfc9f8d5eabbaf4"
  integrity sha512-4N0ig0fEomHt5R0KCFWjovxow98rIoRwKolrYdCcknNwMekCXRnWEUvgu5soYV8QXtVsrUD8B95MBOZGPvr6KQ==
  dependencies:
    "@types/node" "*"

commander@^14.0.3:
  version "14.0.3"
  resolved "https://registry.npmjs.org/commander/-/commander-14.0.3.tgz#425d79b48f9af82fcd9e4fc1ea8af6c5ec07bbc2"
  integrity sha512-H+y0Jo/T1RZ9qPP4Eh1pkcQcLRglraJaSLoyOtHxu6AapkjWVCy2Sit1QQ4x3Dng8qDlSsZEet7g5Pq06MvTgw==

fast-check@^4.8.0:
  version "4.8.0"
  resolved "https://registry.npmjs.org/fast-check/-/fast-check-4.8.0.tgz#75687d3c8059441fee4a58a8acc9be09b85aff78"
  integrity sha512-GOJ158CUMnN6cSahsv4+ExARvIDuzzinFjkp0E9WtiBa5zcVeLozVkWaE4IzFcc+Y48Wp1EDlUZsXRyAztQcSg==
  dependencies:
    pure-rand "^8.0.0"

pure-rand@^8.0.0:
  version "8.4.0"
  resolved "https://registry.npmjs.org/pure-rand/-/pure-rand-8.4.0.tgz#1d9e26e9c0555486e08ae300d02796af8dec1cd0"
  integrity sha512-IoM8YF/jY0hiugFo/wOWqfmarlE6J0wc6fDK1PhftMk7MGhVZl88sZimmqBBFomLOCSmcCCpsfj7wXASCpvK9A==

typescript@^6.0.3:
  version "6.0.3"
  resolved "https://registry.npmjs.org/typescript/-/typescript-6.0.3.tgz#90251dc007916e972786cb94d74d15b185577d21"
  integrity sha512-y2TvuxSZPDyQakkFRPZHKFm+KKVqIisdg9/CZwm9ftvKXLP8NRWj38/ODjNbr43SsoXqNuAisEf1GdCxqWcdBw==

undici-types@~7.18.0:
  version "7.18.2"
  resolved "https://registry.npmjs.org/undici-types/-/undici-types-7.18.2.tgz#29357a89e7b7ca4aef3bf0fd3fd0cd73884229e9"
  integrity sha512-AsuCzffGHJybSaRrmr5eHr81mwJU3kjw6M+uprWvCXiNeN9SOGwQ3Jn8jb8m3Z6izVgknn1R0FTCEAP2QrLY/w==

zod@^4.4.3:
  version "4.4.3"
  resolved "https://registry.npmjs.org/zod/-/zod-4.4.3.tgz#b680f172885d18bbebf21a834ea25e55a1bbf356"
  integrity sha512-ytENFjIJFl2UwYglde2jchW2Hwm4GJFLDiSXWdTrJQBIN9Fcyp7n4DhxJEiWNAJMV1/BqWfW/kkg71UDcHJyTQ==
